
Microsoft Visual Studio Solution File, Format Version 12.00
# Visual Studio 15
VisualStudioVersion = 15.0.27428.2037
MinimumVisualStudioVersion = 10.0.40219.1
Project("{FAE04EC0-301F-11D3-BF4B-00C04F79EFBC}") = "EventsAndDelegates", "EventsAndDelegates\EventsAndDelegates.csproj", "{5ACF4451-7BBB-4B08-944D-1306E5AFA606}"
EndProject
Global
	GlobalSection(SolutionConfigurationPlatforms) = preSolution
		Debug|Any CPU = Debug|Any CPU
		Release|Any CPU = Release|Any CPU
	EndGlobalSection
	GlobalSection(ProjectConfigurationPlatforms) = postSolution
		{5ACF4451-7BBB-4B08-944D-1306E5AFA606}.Debug|Any CPU.ActiveCfg = Debug|Any CPU
		{5ACF4451-7BBB-4B08-944D-1306E5AFA606}.Debug|Any CPU.Build.0 = Debug|Any CPU
		{5ACF4451-7BBB-4B08-944D-1306E5AFA606}.Release|Any CPU.ActiveCfg = Release|Any CPU
		{5ACF4451-7BBB-4B08-944D-1306E5AFA606}.Release|Any CPU.Build.0 = Release|Any CPU
	EndGlobalSection
	GlobalSection(SolutionProperties) = preSolution
		HideSolutionNode = FALSE
	EndGlobalSection
	GlobalSection(ExtensibilityGlobals) = postSolution
		SolutionGuid = {98B36B07-159B-4D58-8FA2-D1AE39917433}
	EndGlobalSection
EndGlobal
